
Microsoft Visual Studio Solution File, Format Version 12.00
# Visual Studio Version 17
VisualStudioVersion = 17.14.36327.8
MinimumVisualStudioVersion = 10.0.40219.1
Project("{FAE04EC0-301F-11D3-BF4B-00C04F79EFBC}") = "myTestingLibrary", "myTestingLibrary\myTestingLibrary.csproj", "{1B7957F4-EA66-4185-B1DE-059563ECA144}"
EndProject
Project("{FAE04EC0-301F-11D3-BF4B-00C04F79EFBC}") = "myTestedProject", "myTestedProject\myTestedProject.csproj", "{828A9221-957E-4E15-9978-E518E3A40068}"
EndProject
Project("{FAE04EC0-301F-11D3-BF4B-00C04F79EFBC}") = "myProjectTests", "myProjectTests\myProjectTests.csproj", "{2B4B5AF0-0938-4984-9E9A-CEE7EAFAAE9B}"
EndProject
Project("{FAE04EC0-301F-11D3-BF4B-00C04F79EFBC}") = "myTestRunner", "myTestRunner\myTestRunner.csproj", "{357EAB43-9399-4709-9F4C-8566B8F811E1}"
EndProject
Project("{FAE04EC0-301F-11D3-BF4B-00C04F79EFBC}") = "myThreadPool", "myThreadPool\myThreadPool.csproj", "{E55DB9D9-F1C3-4B90-8139-C6BCB63DFD6F}"
EndProject
Project("{FAE04EC0-301F-11D3-BF4B-00C04F79EFBC}") = "myLoadSimulation", "myLoadSimulation\myLoadSimulation.csproj", "{27972876-FF5A-4EE3-AE5B-2D9D8E2038A0}"
EndProject
Global
	GlobalSection(SolutionConfigurationPlatforms) = preSolution
		Debug|Any CPU = Debug|Any CPU
		Debug|x64 = Debug|x64
		Debug|x86 = Debug|x86
		Release|Any CPU = Release|Any CPU
		Release|x64 = Release|x64
		Release|x86 = Release|x86
	EndGlobalSection
	GlobalSection(ProjectConfigurationPlatforms) = postSolution
		{1B7957F4-EA66-4185-B1DE-059563ECA144}.Debug|Any CPU.ActiveCfg = Debug|Any CPU
		{1B7957F4-EA66-4185-B1DE-059563ECA144}.Debug|Any CPU.Build.0 = Debug|Any CPU
		{1B7957F4-EA66-4185-B1DE-059563ECA144}.Debug|x64.ActiveCfg = Debug|Any CPU
		{1B7957F4-EA66-4185-B1DE-059563ECA144}.Debug|x64.Build.0 = Debug|Any CPU
		{1B7957F4-EA66-4185-B1DE-059563ECA144}.Debug|x86.ActiveCfg = Debug|Any CPU
		{1B7957F4-EA66-4185-B1DE-059563ECA144}.Debug|x86.Build.0 = Debug|Any CPU
		{1B7957F4-EA66-4185-B1DE-059563ECA144}.Release|Any CPU.ActiveCfg = Release|Any CPU
		{1B7957F4-EA66-4185-B1DE-059563ECA144}.Release|Any CPU.Build.0 = Release|Any CPU
		{1B7957F4-EA66-4185-B1DE-059563ECA144}.Release|x64.ActiveCfg = Release|Any CPU
		{1B7957F4-EA66-4185-B1DE-059563ECA144}.Release|x64.Build.0 = Release|Any CPU
		{1B7957F4-EA66-4185-B1DE-059563ECA144}.Release|x86.ActiveCfg = Release|Any CPU
		{1B7957F4-EA66-4185-B1DE-059563ECA144}.Release|x86.Build.0 = Release|Any CPU
		{828A9221-957E-4E15-9978-E518E3A40068}.Debug|Any CPU.ActiveCfg = Debug|Any CPU
		{828A9221-957E-4E15-9978-E518E3A40068}.Debug|Any CPU.Build.0 = Debug|Any CPU
		{828A9221-957E-4E15-9978-E518E3A40068}.Debug|x64.ActiveCfg = Debug|Any CPU
		{828A9221-957E-4E15-9978-E518E3A40068}.Debug|x64.Build.0 = Debug|Any CPU
		{828A9221-957E-4E15-9978-E518E3A40068}.Debug|x86.ActiveCfg = Debug|Any CPU
		{828A9221-957E-4E15-9978-E518E3A40068}.Debug|x86.Build.0 = Debug|Any CPU
		{828A9221-957E-4E15-9978-E518E3A40068}.Release|Any CPU.ActiveCfg = Release|Any CPU
		{828A9221-957E-4E15-9978-E518E3A40068}.Release|Any CPU.Build.0 = Release|Any CPU
		{828A9221-957E-4E15-9978-E518E3A40068}.Release|x64.ActiveCfg = Release|Any CPU
		{828A9221-957E-4E15-9978-E518E3A40068}.Release|x64.Build.0 = Release|Any CPU
		{828A9221-957E-4E15-9978-E518E3A40068}.Release|x86.ActiveCfg = Release|Any CPU
		{828A9221-957E-4E15-9978-E518E3A40068}.Release|x86.Build.0 = Release|Any CPU
		{2B4B5AF0-0938-4984-9E9A-CEE7EAFAAE9B}.Debug|Any CPU.ActiveCfg = Debug|Any CPU
		{2B4B5AF0-0938-4984-9E9A-CEE7EAFAAE9B}.Debug|Any CPU.Build.0 = Debug|Any CPU
		{2B4B5AF0-0938-4984-9E9A-CEE7EAFAAE9B}.Debug|x64.ActiveCfg = Debug|Any CPU
		{2B4B5AF0-0938-4984-9E9A-CEE7EAFAAE9B}.Debug|x64.Build.0 = Debug|Any CPU
		{2B4B5AF0-0938-4984-9E9A-CEE7EAFAAE9B}.Debug|x86.ActiveCfg = Debug|Any CPU
		{2B4B5AF0-0938-4984-9E9A-CEE7EAFAAE9B}.Debug|x86.Build.0 = Debug|Any CPU
		{2B4B5AF0-0938-4984-9E9A-CEE7EAFAAE9B}.Release|Any CPU.ActiveCfg = Release|Any CPU
		{2B4B5AF0-0938-4984-9E9A-CEE7EAFAAE9B}.Release|Any CPU.Build.0 = Release|Any CPU
		{2B4B5AF0-0938-4984-9E9A-CEE7EAFAAE9B}.Release|x64.ActiveCfg = Release|Any CPU
		{2B4B5AF0-0938-4984-9E9A-CEE7EAFAAE9B}.Release|x64.Build.0 = Release|Any CPU
		{2B4B5AF0-0938-4984-9E9A-CEE7EAFAAE9B}.Release|x86.ActiveCfg = Release|Any CPU
		{2B4B5AF0-0938-4984-9E9A-CEE7EAFAAE9B}.Release|x86.Build.0 = Release|Any CPU
		{357EAB43-9399-4709-9F4C-8566B8F811E1}.Debug|Any CPU.ActiveCfg = Debug|Any CPU
		{357EAB43-9399-4709-9F4C-8566B8F811E1}.Debug|Any CPU.Build.0 = Debug|Any CPU
		{357EAB43-9399-4709-9F4C-8566B8F811E1}.Debug|x64.ActiveCfg = Debug|Any CPU
		{357EAB43-9399-4709-9F4C-8566B8F811E1}.Debug|x64.Build.0 = Debug|Any CPU
		{357EAB43-9399-4709-9F4C-8566B8F811E1}.Debug|x86.ActiveCfg = Debug|Any CPU
		{357EAB43-9399-4709-9F4C-8566B8F811E1}.Debug|x86.Build.0 = Debug|Any CPU
		{357EAB43-9399-4709-9F4C-8566B8F811E1}.Release|Any CPU.ActiveCfg = Release|Any CPU
		{357EAB43-9399-4709-9F4C-8566B8F811E1}.Release|Any CPU.Build.0 = Release|Any CPU
		{357EAB43-9399-4709-9F4C-8566B8F811E1}.Release|x64.ActiveCfg = Release|Any CPU
		{357EAB43-9399-4709-9F4C-8566B8F811E1}.Release|x64.Build.0 = Release|Any CPU
		{357EAB43-9399-4709-9F4C-8566B8F811E1}.Release|x86.ActiveCfg = Release|Any CPU
		{357EAB43-9399-4709-9F4C-8566B8F811E1}.Release|x86.Build.0 = Release|Any CPU
		{E55DB9D9-F1C3-4B90-8139-C6BCB63DFD6F}.Debug|Any CPU.ActiveCfg = Debug|Any CPU
		{E55DB9D9-F1C3-4B90-8139-C6BCB63DFD6F}.Debug|Any CPU.Build.0 = Debug|Any CPU
		{E55DB9D9-F1C3-4B90-8139-C6BCB63DFD6F}.Debug|x64.ActiveCfg = Debug|Any CPU
		{E55DB9D9-F1C3-4B90-8139-C6BCB63DFD6F}.Debug|x64.Build.0 = Debug|Any CPU
		{E55DB9D9-F1C3-4B90-8139-C6BCB63DFD6F}.Debug|x86.ActiveCfg = Debug|Any CPU
		{E55DB9D9-F1C3-4B90-8139-C6BCB63DFD6F}.Debug|x86.Build.0 = Debug|Any CPU
		{E55DB9D9-F1C3-4B90-8139-C6BCB63DFD6F}.Release|Any CPU.ActiveCfg = Release|Any CPU
		{E55DB9D9-F1C3-4B90-8139-C6BCB63DFD6F}.Release|Any CPU.Build.0 = Release|Any CPU
		{E55DB9D9-F1C3-4B90-8139-C6BCB63DFD6F}.Release|x64.ActiveCfg = Release|Any CPU
		{E55DB9D9-F1C3-4B90-8139-C6BCB63DFD6F}.Release|x64.Build.0 = Release|Any CPU
		{E55DB9D9-F1C3-4B90-8139-C6BCB63DFD6F}.Release|x86.ActiveCfg = Release|Any CPU
		{E55DB9D9-F1C3-4B90-8139-C6BCB63DFD6F}.Release|x86.Build.0 = Release|Any CPU
		{27972876-FF5A-4EE3-AE5B-2D9D8E2038A0}.Debug|Any CPU.ActiveCfg = Debug|Any CPU
		{27972876-FF5A-4EE3-AE5B-2D9D8E2038A0}.Debug|Any CPU.Build.0 = Debug|Any CPU
		{27972876-FF5A-4EE3-AE5B-2D9D8E2038A0}.Debug|x64.ActiveCfg = Debug|Any CPU
		{27972876-FF5A-4EE3-AE5B-2D9D8E2038A0}.Debug|x64.Build.0 = Debug|Any CPU
		{27972876-FF5A-4EE3-AE5B-2D9D8E2038A0}.Debug|x86.ActiveCfg = Debug|Any CPU
		{27972876-FF5A-4EE3-AE5B-2D9D8E2038A0}.Debug|x86.Build.0 = Debug|Any CPU
		{27972876-FF5A-4EE3-AE5B-2D9D8E2038A0}.Release|Any CPU.ActiveCfg = Release|Any CPU
		{27972876-FF5A-4EE3-AE5B-2D9D8E2038A0}.Release|Any CPU.Build.0 = Release|Any CPU
		{27972876-FF5A-4EE3-AE5B-2D9D8E2038A0}.Release|x64.ActiveCfg = Release|Any CPU
		{27972876-FF5A-4EE3-AE5B-2D9D8E2038A0}.Release|x64.Build.0 = Release|Any CPU
		{27972876-FF5A-4EE3-AE5B-2D9D8E2038A0}.Release|x86.ActiveCfg = Release|Any CPU
		{27972876-FF5A-4EE3-AE5B-2D9D8E2038A0}.Release|x86.Build.0 = Release|Any CPU
	EndGlobalSection
	GlobalSection(SolutionProperties) = preSolution
		HideSolutionNode = FALSE
	EndGlobalSection
	GlobalSection(ExtensibilityGlobals) = postSolution
		SolutionGuid = {828B05F0-097C-4233-B359-254FBC1B7417}
	EndGlobalSection
EndGlobal
